<?xml version="1.0" encoding="UTF-8"?>
<Project ToolsVersion="4.0" xmlns="http://schemas.microsoft.com/developer/msbuild/2003">
  <ItemGroup>
    <CustomBuild Include="C:\build\CMakeFiles\649e698b7c7337b30e999dc2083650ca\generate.stamp.rule">
      <Filter>CMake Rules</Filter>
    </CustomBuild>
  </ItemGroup>
  <ItemGroup>
    <Filter Include="CMake Rules">
      <UniqueIdentifier>{5E4FFE16-3927-429B-9B1D-D66451E91503}</UniqueIdentifier>
    </Filter>
  </ItemGroup>
</Project>
